// !$*UTF8*$!
{
	archiveVersion = 1;
	classes = {
	};
	objectVersion = 56;
	objects = {

/* Begin PBXBuildFile section */
		D50D0AD2297B90C900F7C863 /* RMImageManager.swift in Sources */ = {isa = PBXBuildFile; fileRef = D50D0AD1297B90C900F7C863 /* RMImageManager.swift */; };
		D57CB176296FCDBC004560BD /* AppDelegate.swift in Sources */ = {isa = PBXBuildFile; fileRef = D57CB175296FCDBC004560BD /* AppDelegate.swift */; };
		D57CB178296FCDBC004560BD /* SceneDelegate.swift in Sources */ = {isa = PBXBuildFile; fileRef = D57CB177296FCDBC004560BD /* SceneDelegate.swift */; };
		D57CB17A296FCDBC004560BD /* RMTabViewController.swift in Sources */ = {isa = PBXBuildFile; fileRef = D57CB179296FCDBC004560BD /* RMTabViewController.swift */; };
		D57CB17F296FCDBE004560BD /* Assets.xcassets in Resources */ = {isa = PBXBuildFile; fileRef = D57CB17E296FCDBE004560BD /* Assets.xcassets */; };
		D57CB182296FCDBE004560BD /* LaunchScreen.storyboard in Resources */ = {isa = PBXBuildFile; fileRef = D57CB180296FCDBE004560BD /* LaunchScreen.storyboard */; };
		D57CB197296FD622004560BD /* RMCharactersViewController.swift in Sources */ = {isa = PBXBuildFile; fileRef = D57CB196296FD622004560BD /* RMCharactersViewController.swift */; };
		D57CB199296FD649004560BD /* RMLocationViewController.swift in Sources */ = {isa = PBXBuildFile; fileRef = D57CB198296FD649004560BD /* RMLocationViewController.swift */; };
		D57CB19B296FD660004560BD /* RMSettingsViewController.swift in Sources */ = {isa = PBXBuildFile; fileRef = D57CB19A296FD660004560BD /* RMSettingsViewController.swift */; };
		D57CB19D296FD692004560BD /* RMEpisodesViewController.swift in Sources */ = {isa = PBXBuildFile; fileRef = D57CB19C296FD692004560BD /* RMEpisodesViewController.swift */; };
		D57CB19F296FD6BA004560BD /* RMLocation.swift in Sources */ = {isa = PBXBuildFile; fileRef = D57CB19E296FD6BA004560BD /* RMLocation.swift */; };
		D57CB1A1296FD6D1004560BD /* RMCharacter.swift in Sources */ = {isa = PBXBuildFile; fileRef = D57CB1A0296FD6D1004560BD /* RMCharacter.swift */; };
		D57CB1A3296FD6DB004560BD /* RMEpisode.swift in Sources */ = {isa = PBXBuildFile; fileRef = D57CB1A2296FD6DB004560BD /* RMEpisode.swift */; };
		D57CB1A529711387004560BD /* RMService.swift in Sources */ = {isa = PBXBuildFile; fileRef = D57CB1A429711387004560BD /* RMService.swift */; };
		D57CB1A729711391004560BD /* RMRequest.swift in Sources */ = {isa = PBXBuildFile; fileRef = D57CB1A629711391004560BD /* RMRequest.swift */; };
		D57CB1A92971148A004560BD /* RMEndpoint.swift in Sources */ = {isa = PBXBuildFile; fileRef = D57CB1A82971148A004560BD /* RMEndpoint.swift */; };
		D57CB1B1297126CB004560BD /* RMOrigin.swift in Sources */ = {isa = PBXBuildFile; fileRef = D57CB1B0297126CB004560BD /* RMOrigin.swift */; };
		D57CB1B329712756004560BD /* RMSingleLocation.swift in Sources */ = {isa = PBXBuildFile; fileRef = D57CB1B229712756004560BD /* RMSingleLocation.swift */; };
		D57CB1B5297128F6004560BD /* RMCharacterStatus.swift in Sources */ = {isa = PBXBuildFile; fileRef = D57CB1B4297128F6004560BD /* RMCharacterStatus.swift */; };
		D57CB1B729712959004560BD /* RMCharacterGender.swift in Sources */ = {isa = PBXBuildFile; fileRef = D57CB1B629712959004560BD /* RMCharacterGender.swift */; };
		D58DDABF29752FB6000AC426 /* RMGetAllCharactersResponse.swift in Sources */ = {isa = PBXBuildFile; fileRef = D58DDABE29752FB6000AC426 /* RMGetAllCharactersResponse.swift */; };
		D59FCD25297904C700555EA1 /* RMCharacterDetailViewController.swift in Sources */ = {isa = PBXBuildFile; fileRef = D59FCD24297904C700555EA1 /* RMCharacterDetailViewController.swift */; };
		D59FCD27297905B600555EA1 /* RMCharacterDetailView.swift in Sources */ = {isa = PBXBuildFile; fileRef = D59FCD26297905B600555EA1 /* RMCharacterDetailView.swift */; };
		D59FCD292979060000555EA1 /* RMCharacterDetailViewViewModel.swift in Sources */ = {isa = PBXBuildFile; fileRef = D59FCD282979060000555EA1 /* RMCharacterDetailViewViewModel.swift */; };
		D59FCD2B2979206900555EA1 /* RMFooterLoadingCollectionReusableView.swift in Sources */ = {isa = PBXBuildFile; fileRef = D59FCD2A2979206900555EA1 /* RMFooterLoadingCollectionReusableView.swift */; };
		D5AE6B83297FFA1F009C1EF1 /* RMCharacterPhotoCollectionViewCell.swift in Sources */ = {isa = PBXBuildFile; fileRef = D5AE6B82297FFA1F009C1EF1 /* RMCharacterPhotoCollectionViewCell.swift */; };
		D5AE6B85297FFA31009C1EF1 /* RMCharacterInfoCollectionViewCell.swift in Sources */ = {isa = PBXBuildFile; fileRef = D5AE6B84297FFA31009C1EF1 /* RMCharacterInfoCollectionViewCell.swift */; };
		D5AE6B87297FFA42009C1EF1 /* RMCharacterEpisodeCollectionViewCell.swift in Sources */ = {isa = PBXBuildFile; fileRef = D5AE6B86297FFA42009C1EF1 /* RMCharacterEpisodeCollectionViewCell.swift */; };
		D5AE6B8A297FFB16009C1EF1 /* RMCharacterPhotoCollectionViewCellViewModel.swift in Sources */ = {isa = PBXBuildFile; fileRef = D5AE6B89297FFB16009C1EF1 /* RMCharacterPhotoCollectionViewCellViewModel.swift */; };
		D5AE6B8C297FFB49009C1EF1 /* RMCharacterInfoCollectionViewCellViewModel.swift in Sources */ = {isa = PBXBuildFile; fileRef = D5AE6B8B297FFB49009C1EF1 /* RMCharacterInfoCollectionViewCellViewModel.swift */; };
		D5AE6B8E297FFB61009C1EF1 /* RMCharacterEpisodeCollectionViewCellViewModel.swift in Sources */ = {isa = PBXBuildFile; fileRef = D5AE6B8D297FFB61009C1EF1 /* RMCharacterEpisodeCollectionViewCellViewModel.swift */; };
		D5CD1FF6297545D500283870 /* RMCharacterListViewViewModel.swift in Sources */ = {isa = PBXBuildFile; fileRef = D5CD1FF5297545D400283870 /* RMCharacterListViewViewModel.swift */; };
		D5CD1FF82975466F00283870 /* RMCharacterListView.swift in Sources */ = {isa = PBXBuildFile; fileRef = D5CD1FF72975466F00283870 /* RMCharacterListView.swift */; };
		D5CD1FFA29766E3200283870 /* Extensions.swift in Sources */ = {isa = PBXBuildFile; fileRef = D5CD1FF929766E3200283870 /* Extensions.swift */; };
		D5CD1FFC29768BE000283870 /* RMCharacterCollectionViewCell.swift in Sources */ = {isa = PBXBuildFile; fileRef = D5CD1FFB29768BE000283870 /* RMCharacterCollectionViewCell.swift */; };
		D5CD1FFE2976903500283870 /* RMCharacterCollectionViewCellViewModel.swift in Sources */ = {isa = PBXBuildFile; fileRef = D5CD1FFD2976903500283870 /* RMCharacterCollectionViewCellViewModel.swift */; };
/* End PBXBuildFile section */

/* Begin PBXFileReference section */
		D50D0AD1297B90C900F7C863 /* RMImageManager.swift */ = {isa = PBXFileReference; lastKnownFileType = sourcecode.swift; path = RMImageManager.swift; sourceTree = "<group>"; };
		D57CB172296FCDBC004560BD /* Rick&MortyApp.app */ = {isa = PBXFileReference; explicitFileType = wrapper.application; includeInIndex = 0; path = "Rick&MortyApp.app"; sourceTree = BUILT_PRODUCTS_DIR; };
		D57CB175296FCDBC004560BD /* AppDelegate.swift */ = {isa = PBXFileReference; lastKnownFileType = sourcecode.swift; path = AppDelegate.swift; sourceTree = "<group>"; };
		D57CB177296FCDBC004560BD /* SceneDelegate.swift */ = {isa = PBXFileReference; lastKnownFileType = sourcecode.swift; path = SceneDelegate.swift; sourceTree = "<group>"; };
		D57CB179296FCDBC004560BD /* RMTabViewController.swift */ = {isa = PBXFileReference; lastKnownFileType = sourcecode.swift; path = RMTabViewController.swift; sourceTree = "<group>"; };
		D57CB17E296FCDBE004560BD /* Assets.xcassets */ = {isa = PBXFileReference; lastKnownFileType = folder.assetcatalog; path = Assets.xcassets; sourceTree = "<group>"; };
		D57CB181296FCDBE004560BD /* Base */ = {isa = PBXFileReference; lastKnownFileType = file.storyboard; name = Base; path = Base.lproj/LaunchScreen.storyboard; sourceTree = "<group>"; };
		D57CB183296FCDBE004560BD /* Info.plist */ = {isa = PBXFileReference; lastKnownFileType = text.plist.xml; path = Info.plist; sourceTree = "<group>"; };
		D57CB196296FD622004560BD /* RMCharactersViewController.swift */ = {isa = PBXFileReference; lastKnownFileType = sourcecode.swift; path = RMCharactersViewController.swift; sourceTree = "<group>"; };
		D57CB198296FD649004560BD /* RMLocationViewController.swift */ = {isa = PBXFileReference; lastKnownFileType = sourcecode.swift; path = RMLocationViewController.swift; sourceTree = "<group>"; };
		D57CB19A296FD660004560BD /* RMSettingsViewController.swift */ = {isa = PBXFileReference; lastKnownFileType = sourcecode.swift; path = RMSettingsViewController.swift; sourceTree = "<group>"; };
		D57CB19C296FD692004560BD /* RMEpisodesViewController.swift */ = {isa = PBXFileReference; lastKnownFileType = sourcecode.swift; path = RMEpisodesViewController.swift; sourceTree = "<group>"; };
		D57CB19E296FD6BA004560BD /* RMLocation.swift */ = {isa = PBXFileReference; lastKnownFileType = sourcecode.swift; path = RMLocation.swift; sourceTree = "<group>"; };
		D57CB1A0296FD6D1004560BD /* RMCharacter.swift */ = {isa = PBXFileReference; lastKnownFileType = sourcecode.swift; path = RMCharacter.swift; sourceTree = "<group>"; };
		D57CB1A2296FD6DB004560BD /* RMEpisode.swift */ = {isa = PBXFileReference; lastKnownFileType = sourcecode.swift; path = RMEpisode.swift; sourceTree = "<group>"; };
		D57CB1A429711387004560BD /* RMService.swift */ = {isa = PBXFileReference; lastKnownFileType = sourcecode.swift; path = RMService.swift; sourceTree = "<group>"; };
		D57CB1A629711391004560BD /* RMRequest.swift */ = {isa = PBXFileReference; lastKnownFileType = sourcecode.swift; path = RMRequest.swift; sourceTree = "<group>"; };
		D57CB1A82971148A004560BD /* RMEndpoint.swift */ = {isa = PBXFileReference; lastKnownFileType = sourcecode.swift; path = RMEndpoint.swift; sourceTree = "<group>"; };
		D57CB1B0297126CB004560BD /* RMOrigin.swift */ = {isa = PBXFileReference; lastKnownFileType = sourcecode.swift; path = RMOrigin.swift; sourceTree = "<group>"; };
		D57CB1B229712756004560BD /* RMSingleLocation.swift */ = {isa = PBXFileReference; lastKnownFileType = sourcecode.swift; path = RMSingleLocation.swift; sourceTree = "<group>"; };
		D57CB1B4297128F6004560BD /* RMCharacterStatus.swift */ = {isa = PBXFileReference; lastKnownFileType = sourcecode.swift; path = RMCharacterStatus.swift; sourceTree = "<group>"; };
		D57CB1B629712959004560BD /* RMCharacterGender.swift */ = {isa = PBXFileReference; lastKnownFileType = sourcecode.swift; path = RMCharacterGender.swift; sourceTree = "<group>"; };
		D58DDABE29752FB6000AC426 /* RMGetAllCharactersResponse.swift */ = {isa = PBXFileReference; lastKnownFileType = sourcecode.swift; path = RMGetAllCharactersResponse.swift; sourceTree = "<group>"; };
		D59FCD24297904C700555EA1 /* RMCharacterDetailViewController.swift */ = {isa = PBXFileReference; lastKnownFileType = sourcecode.swift; path = RMCharacterDetailViewController.swift; sourceTree = "<group>"; };
		D59FCD26297905B600555EA1 /* RMCharacterDetailView.swift */ = {isa = PBXFileReference; lastKnownFileType = sourcecode.swift; path = RMCharacterDetailView.swift; sourceTree = "<group>"; };
		D59FCD282979060000555EA1 /* RMCharacterDetailViewViewModel.swift */ = {isa = PBXFileReference; lastKnownFileType = sourcecode.swift; path = RMCharacterDetailViewViewModel.swift; sourceTree = "<group>"; };
		D59FCD2A2979206900555EA1 /* RMFooterLoadingCollectionReusableView.swift */ = {isa = PBXFileReference; lastKnownFileType = sourcecode.swift; path = RMFooterLoadingCollectionReusableView.swift; sourceTree = "<group>"; };
		D5AE6B82297FFA1F009C1EF1 /* RMCharacterPhotoCollectionViewCell.swift */ = {isa = PBXFileReference; lastKnownFileType = sourcecode.swift; path = RMCharacterPhotoCollectionViewCell.swift; sourceTree = "<group>"; };
		D5AE6B84297FFA31009C1EF1 /* RMCharacterInfoCollectionViewCell.swift */ = {isa = PBXFileReference; lastKnownFileType = sourcecode.swift; path = RMCharacterInfoCollectionViewCell.swift; sourceTree = "<group>"; };
		D5AE6B86297FFA42009C1EF1 /* RMCharacterEpisodeCollectionViewCell.swift */ = {isa = PBXFileReference; lastKnownFileType = sourcecode.swift; path = RMCharacterEpisodeCollectionViewCell.swift; sourceTree = "<group>"; };
		D5AE6B89297FFB16009C1EF1 /* RMCharacterPhotoCollectionViewCellViewModel.swift */ = {isa = PBXFileReference; lastKnownFileType = sourcecode.swift; path = RMCharacterPhotoCollectionViewCellViewModel.swift; sourceTree = "<group>"; };
		D5AE6B8B297FFB49009C1EF1 /* RMCharacterInfoCollectionViewCellViewModel.swift */ = {isa = PBXFileReference; lastKnownFileType = sourcecode.swift; path = RMCharacterInfoCollectionViewCellViewModel.swift; sourceTree = "<group>"; };
		D5AE6B8D297FFB61009C1EF1 /* RMCharacterEpisodeCollectionViewCellViewModel.swift */ = {isa = PBXFileReference; lastKnownFileType = sourcecode.swift; path = RMCharacterEpisodeCollectionViewCellViewModel.swift; sourceTree = "<group>"; };
		D5CD1FF5297545D400283870 /* RMCharacterListViewViewModel.swift */ = {isa = PBXFileReference; lastKnownFileType = sourcecode.swift; path = RMCharacterListViewViewModel.swift; sourceTree = "<group>"; };
		D5CD1FF72975466F00283870 /* RMCharacterListView.swift */ = {isa = PBXFileReference; lastKnownFileType = sourcecode.swift; path = RMCharacterListView.swift; sourceTree = "<group>"; };
		D5CD1FF929766E3200283870 /* Extensions.swift */ = {isa = PBXFileReference; lastKnownFileType = sourcecode.swift; path = Extensions.swift; sourceTree = "<group>"; };
		D5CD1FFB29768BE000283870 /* RMCharacterCollectionViewCell.swift */ = {isa = PBXFileReference; lastKnownFileType = sourcecode.swift; path = RMCharacterCollectionViewCell.swift; sourceTree = "<group>"; };
		D5CD1FFD2976903500283870 /* RMCharacterCollectionViewCellViewModel.swift */ = {isa = PBXFileReference; lastKnownFileType = sourcecode.swift; path = RMCharacterCollectionViewCellViewModel.swift; sourceTree = "<group>"; };
/* End PBXFileReference section */

/* Begin PBXFrameworksBuildPhase section */
		D57CB16F296FCDBC004560BD /* Frameworks */ = {
			isa = PBXFrameworksBuildPhase;
			buildActionMask = 2147483647;
			files = (
			);
			runOnlyForDeploymentPostprocessing = 0;
		};
/* End PBXFrameworksBuildPhase section */

/* Begin PBXGroup section */
		D57CB169296FCDBC004560BD = {
			isa = PBXGroup;
			children = (
				D57CB174296FCDBC004560BD /* Rick&MortyApp */,
				D57CB173296FCDBC004560BD /* Products */,
			);
			sourceTree = "<group>";
		};
		D57CB173296FCDBC004560BD /* Products */ = {
			isa = PBXGroup;
			children = (
				D57CB172296FCDBC004560BD /* Rick&MortyApp.app */,
			);
			name = Products;
			sourceTree = "<group>";
		};
		D57CB174296FCDBC004560BD /* Rick&MortyApp */ = {
			isa = PBXGroup;
			children = (
				D57CB18F296FCECB004560BD /* Model */,
				D57CB190296FCED1004560BD /* View */,
				D57CB191296FCEDA004560BD /* Controller */,
				D57CB192296FCEE0004560BD /* View Model */,
				D57CB193296FCEE8004560BD /* API Client */,
				D57CB195296FCF12004560BD /* Manager */,
				D57CB194296FCEF0004560BD /* Resources */,
				D57CB183296FCDBE004560BD /* Info.plist */,
			);
			path = "Rick&MortyApp";
			sourceTree = "<group>";
		};
		D57CB18F296FCECB004560BD /* Model */ = {
			isa = PBXGroup;
			children = (
				D58DDAC029752FCA000AC426 /* APIResponseTypes */,
				D58DDABD29752F8E000AC426 /* DataTypes */,
			);
			path = Model;
			sourceTree = "<group>";
		};
		D57CB190296FCED1004560BD /* View */ = {
			isa = PBXGroup;
			children = (
				D5AE6B80297FF94D009C1EF1 /* Character */,
				D5AE6B81297FF957009C1EF1 /* Character Detail */,
				D59FCD2A2979206900555EA1 /* RMFooterLoadingCollectionReusableView.swift */,
			);
			path = View;
			sourceTree = "<group>";
		};
		D57CB191296FCEDA004560BD /* Controller */ = {
			isa = PBXGroup;
			children = (
				D59FCD23297903F400555EA1 /* Other */,
				D59FCD222977E79A00555EA1 /* Core */,
			);
			path = Controller;
			sourceTree = "<group>";
		};
		D57CB192296FCEE0004560BD /* View Model */ = {
			isa = PBXGroup;
			children = (
				D5AE6B88297FFA9C009C1EF1 /* Character Detail */,
				D5CD1FF5297545D400283870 /* RMCharacterListViewViewModel.swift */,
				D5CD1FFD2976903500283870 /* RMCharacterCollectionViewCellViewModel.swift */,
			);
			path = "View Model";
			sourceTree = "<group>";
		};
		D57CB193296FCEE8004560BD /* API Client */ = {
			isa = PBXGroup;
			children = (
				D57CB1A429711387004560BD /* RMService.swift */,
				D57CB1A629711391004560BD /* RMRequest.swift */,
				D57CB1A82971148A004560BD /* RMEndpoint.swift */,
			);
			path = "API Client";
			sourceTree = "<group>";
		};
		D57CB194296FCEF0004560BD /* Resources */ = {
			isa = PBXGroup;
			children = (
				D57CB175296FCDBC004560BD /* AppDelegate.swift */,
				D57CB177296FCDBC004560BD /* SceneDelegate.swift */,
				D57CB180296FCDBE004560BD /* LaunchScreen.storyboard */,
				D57CB17E296FCDBE004560BD /* Assets.xcassets */,
				D5CD1FF929766E3200283870 /* Extensions.swift */,
			);
			path = Resources;
			sourceTree = "<group>";
		};
		D57CB195296FCF12004560BD /* Manager */ = {
			isa = PBXGroup;
			children = (
				D50D0AD1297B90C900F7C863 /* RMImageManager.swift */,
			);
			path = Manager;
			sourceTree = "<group>";
		};
		D57CB1B829712ED8004560BD /* Character */ = {
			isa = PBXGroup;
			children = (
				D57CB1A0296FD6D1004560BD /* RMCharacter.swift */,
				D57CB1B4297128F6004560BD /* RMCharacterStatus.swift */,
				D57CB1B629712959004560BD /* RMCharacterGender.swift */,
				D57CB1B229712756004560BD /* RMSingleLocation.swift */,
				D57CB1B0297126CB004560BD /* RMOrigin.swift */,
			);
			path = Character;
			sourceTree = "<group>";
		};
		D57CB1BB29712F22004560BD /* Location */ = {
			isa = PBXGroup;
			children = (
				D57CB19E296FD6BA004560BD /* RMLocation.swift */,
			);
			path = Location;
			sourceTree = "<group>";
		};
		D57CB1BC29712F2C004560BD /* Episode */ = {
			isa = PBXGroup;
			children = (
				D57CB1A2296FD6DB004560BD /* RMEpisode.swift */,
			);
			path = Episode;
			sourceTree = "<group>";
		};
		D58DDABD29752F8E000AC426 /* DataTypes */ = {
			isa = PBXGroup;
			children = (
				D57CB1B829712ED8004560BD /* Character */,
				D57CB1BB29712F22004560BD /* Location */,
				D57CB1BC29712F2C004560BD /* Episode */,
			);
			path = DataTypes;
			sourceTree = "<group>";
		};
		D58DDAC029752FCA000AC426 /* APIResponseTypes */ = {
			isa = PBXGroup;
			children = (
				D58DDABE29752FB6000AC426 /* RMGetAllCharactersResponse.swift */,
			);
			path = APIResponseTypes;
			sourceTree = "<group>";
		};
		D59FCD222977E79A00555EA1 /* Core */ = {
			isa = PBXGroup;
			children = (
				D57CB179296FCDBC004560BD /* RMTabViewController.swift */,
				D57CB196296FD622004560BD /* RMCharactersViewController.swift */,
				D57CB198296FD649004560BD /* RMLocationViewController.swift */,
				D57CB19C296FD692004560BD /* RMEpisodesViewController.swift */,
				D57CB19A296FD660004560BD /* RMSettingsViewController.swift */,
			);
			path = Core;
			sourceTree = "<group>";
		};
		D59FCD23297903F400555EA1 /* Other */ = {
			isa = PBXGroup;
			children = (
				D59FCD24297904C700555EA1 /* RMCharacterDetailViewController.swift */,
			);
			path = Other;
			sourceTree = "<group>";
		};
		D5AE6B80297FF94D009C1EF1 /* Character */ = {
			isa = PBXGroup;
			children = (
				D5CD1FF72975466F00283870 /* RMCharacterListView.swift */,
				D5CD1FFB29768BE000283870 /* RMCharacterCollectionViewCell.swift */,
			);
			path = Character;
			sourceTree = "<group>";
		};
		D5AE6B81297FF957009C1EF1 /* Character Detail */ = {
			isa = PBXGroup;
			children = (
				D59FCD26297905B600555EA1 /* RMCharacterDetailView.swift */,
				D5AE6B82297FFA1F009C1EF1 /* RMCharacterPhotoCollectionViewCell.swift */,
				D5AE6B84297FFA31009C1EF1 /* RMCharacterInfoCollectionViewCell.swift */,
				D5AE6B86297FFA42009C1EF1 /* RMCharacterEpisodeCollectionViewCell.swift */,
			);
			path = "Character Detail";
			sourceTree = "<group>";
		};
		D5AE6B88297FFA9C009C1EF1 /* Character Detail */ = {
			isa = PBXGroup;
			children = (
				D59FCD282979060000555EA1 /* RMCharacterDetailViewViewModel.swift */,
				D5AE6B89297FFB16009C1EF1 /* RMCharacterPhotoCollectionViewCellViewModel.swift */,
				D5AE6B8B297FFB49009C1EF1 /* RMCharacterInfoCollectionViewCellViewModel.swift */,
				D5AE6B8D297FFB61009C1EF1 /* RMCharacterEpisodeCollectionViewCellViewModel.swift */,
			);
			path = "Character Detail";
			sourceTree = "<group>";
		};
/* End PBXGroup section */

/* Begin PBXNativeTarget section */
		D57CB171296FCDBC004560BD /* Rick&MortyApp */ = {
			isa = PBXNativeTarget;
			buildConfigurationList = D57CB186296FCDBE004560BD /* Build configuration list for PBXNativeTarget "Rick&MortyApp" */;
			buildPhases = (
				D57CB16E296FCDBC004560BD /* Sources */,
				D57CB16F296FCDBC004560BD /* Frameworks */,
				D57CB170296FCDBC004560BD /* Resources */,
			);
			buildRules = (
			);
			dependencies = (
			);
			name = "Rick&MortyApp";
			productName = "Rick&MortyApp";
			productReference = D57CB172296FCDBC004560BD /* Rick&MortyApp.app */;
			productType = "com.apple.product-type.application";
		};
/* End PBXNativeTarget section */

/* Begin PBXProject section */
		D57CB16A296FCDBC004560BD /* Project object */ = {
			isa = PBXProject;
			attributes = {
				BuildIndependentTargetsInParallel = 1;
				LastSwiftUpdateCheck = 1420;
				LastUpgradeCheck = 1420;
				TargetAttributes = {
					D57CB171296FCDBC004560BD = {
						CreatedOnToolsVersion = 14.2;
					};
				};
			};
			buildConfigurationList = D57CB16D296FCDBC004560BD /* Build configuration list for PBXProject "Rick&MortyApp" */;
			compatibilityVersion = "Xcode 14.0";
			developmentRegion = en;
			hasScannedForEncodings = 0;
			knownRegions = (
				en,
				Base,
			);
			mainGroup = D57CB169296FCDBC004560BD;
			productRefGroup = D57CB173296FCDBC004560BD /* Products */;
			projectDirPath = "";
			projectRoot = "";
			targets = (
				D57CB171296FCDBC004560BD /* Rick&MortyApp */,
			);
		};
/* End PBXProject section */

/* Begin PBXResourcesBuildPhase section */
		D57CB170296FCDBC004560BD /* Resources */ = {
			isa = PBXResourcesBuildPhase;
			buildActionMask = 2147483647;
			files = (
				D57CB182296FCDBE004560BD /* LaunchScreen.storyboard in Resources */,
				D57CB17F296FCDBE004560BD /* Assets.xcassets in Resources */,
			);
			runOnlyForDeploymentPostprocessing = 0;
		};
/* End PBXResourcesBuildPhase section */

/* Begin PBXSourcesBuildPhase section */
		D57CB16E296FCDBC004560BD /* Sources */ = {
			isa = PBXSourcesBuildPhase;
			buildActionMask = 2147483647;
			files = (
				D57CB1B1297126CB004560BD /* RMOrigin.swift in Sources */,
				D59FCD292979060000555EA1 /* RMCharacterDetailViewViewModel.swift in Sources */,
				D57CB1B329712756004560BD /* RMSingleLocation.swift in Sources */,
				D5CD1FF82975466F00283870 /* RMCharacterListView.swift in Sources */,
				D57CB1B5297128F6004560BD /* RMCharacterStatus.swift in Sources */,
				D57CB1B729712959004560BD /* RMCharacterGender.swift in Sources */,
				D57CB19B296FD660004560BD /* RMSettingsViewController.swift in Sources */,
				D59FCD25297904C700555EA1 /* RMCharacterDetailViewController.swift in Sources */,
				D59FCD2B2979206900555EA1 /* RMFooterLoadingCollectionReusableView.swift in Sources */,
				D57CB17A296FCDBC004560BD /* RMTabViewController.swift in Sources */,
				D57CB1A3296FD6DB004560BD /* RMEpisode.swift in Sources */,
				D5AE6B85297FFA31009C1EF1 /* RMCharacterInfoCollectionViewCell.swift in Sources */,
				D50D0AD2297B90C900F7C863 /* RMImageManager.swift in Sources */,
				D57CB19D296FD692004560BD /* RMEpisodesViewController.swift in Sources */,
				D5AE6B8C297FFB49009C1EF1 /* RMCharacterInfoCollectionViewCellViewModel.swift in Sources */,
				D5CD1FFC29768BE000283870 /* RMCharacterCollectionViewCell.swift in Sources */,
				D57CB19F296FD6BA004560BD /* RMLocation.swift in Sources */,
				D57CB199296FD649004560BD /* RMLocationViewController.swift in Sources */,
				D57CB176296FCDBC004560BD /* AppDelegate.swift in Sources */,
				D5AE6B83297FFA1F009C1EF1 /* RMCharacterPhotoCollectionViewCell.swift in Sources */,
				D5AE6B8E297FFB61009C1EF1 /* RMCharacterEpisodeCollectionViewCellViewModel.swift in Sources */,
				D57CB1A529711387004560BD /* RMService.swift in Sources */,
				D5CD1FFA29766E3200283870 /* Extensions.swift in Sources */,
				D5AE6B8A297FFB16009C1EF1 /* RMCharacterPhotoCollectionViewCellViewModel.swift in Sources */,
				D57CB1A1296FD6D1004560BD /* RMCharacter.swift in Sources */,
				D57CB1A92971148A004560BD /* RMEndpoint.swift in Sources */,
				D57CB197296FD622004560BD /* RMCharactersViewController.swift in Sources */,
				D57CB1A729711391004560BD /* RMRequest.swift in Sources */,
				D5CD1FFE2976903500283870 /* RMCharacterCollectionViewCellViewModel.swift in Sources */,
				D58DDABF29752FB6000AC426 /* RMGetAllCharactersResponse.swift in Sources */,
				D5CD1FF6297545D500283870 /* RMCharacterListViewViewModel.swift in Sources */,
				D5AE6B87297FFA42009C1EF1 /* RMCharacterEpisodeCollectionViewCell.swift in Sources */,
				D57CB178296FCDBC004560BD /* SceneDelegate.swift in Sources */,
				D59FCD27297905B600555EA1 /* RMCharacterDetailView.swift in Sources */,
			);
			runOnlyForDeploymentPostprocessing = 0;
		};
/* End PBXSourcesBuildPhase section */

/* Begin PBXVariantGroup section */
		D57CB180296FCDBE004560BD /* LaunchScreen.storyboard */ = {
			isa = PBXVariantGroup;
			children = (
				D57CB181296FCDBE004560BD /* Base */,
			);
			name = LaunchScreen.storyboard;
			sourceTree = "<group>";
		};
/* End PBXVariantGroup section */

/* Begin XCBuildConfiguration section */
		D57CB184296FCDBE004560BD /* Debug */ = {
			isa = XCBuildConfiguration;
			buildSettings = {
				ALWAYS_SEARCH_USER_PATHS = NO;
				CLANG_ANALYZER_NONNULL = YES;
				CLANG_ANALYZER_NUMBER_OBJECT_CONVERSION = YES_AGGRESSIVE;
				CLANG_CXX_LANGUAGE_STANDARD = "gnu++20";
				CLANG_ENABLE_MODULES = YES;
				CLANG_ENABLE_OBJC_ARC = YES;
				CLANG_ENABLE_OBJC_WEAK = YES;
				CLANG_WARN_BLOCK_CAPTURE_AUTORELEASING = YES;
				CLANG_WARN_BOOL_CONVERSION = YES;
				CLANG_WARN_COMMA = YES;
				CLANG_WARN_CONSTANT_CONVERSION = YES;
				CLANG_WARN_DEPRECATED_OBJC_IMPLEMENTATIONS = YES;
				CLANG_WARN_DIRECT_OBJC_ISA_USAGE = YES_ERROR;
				CLANG_WARN_DOCUMENTATION_COMMENTS = YES;
				CLANG_WARN_EMPTY_BODY = YES;
				CLANG_WARN_ENUM_CONVERSION = YES;
				CLANG_WARN_INFINITE_RECURSION = YES;
				CLANG_WARN_INT_CONVERSION = YES;
				CLANG_WARN_NON_LITERAL_NULL_CONVERSION = YES;
				CLANG_WARN_OBJC_IMPLICIT_RETAIN_SELF = YES;
				CLANG_WARN_OBJC_LITERAL_CONVERSION = YES;
				CLANG_WARN_OBJC_ROOT_CLASS = YES_ERROR;
				CLANG_WARN_QUOTED_INCLUDE_IN_FRAMEWORK_HEADER = YES;
				CLANG_WARN_RANGE_LOOP_ANALYSIS = YES;
				CLANG_WARN_STRICT_PROTOTYPES = YES;
				CLANG_WARN_SUSPICIOUS_MOVE = YES;
				CLANG_WARN_UNGUARDED_AVAILABILITY = YES_AGGRESSIVE;
				CLANG_WARN_UNREACHABLE_CODE = YES;
				CLANG_WARN__DUPLICATE_METHOD_MATCH = YES;
				COPY_PHASE_STRIP = NO;
				DEBUG_INFORMATION_FORMAT = dwarf;
				ENABLE_STRICT_OBJC_MSGSEND = YES;
				ENABLE_TESTABILITY = YES;
				GCC_C_LANGUAGE_STANDARD = gnu11;
				GCC_DYNAMIC_NO_PIC = NO;
				GCC_NO_COMMON_BLOCKS = YES;
				GCC_OPTIMIZATION_LEVEL = 0;
				GCC_PREPROCESSOR_DEFINITIONS = (
					"DEBUG=1",
					"$(inherited)",
				);
				GCC_WARN_64_TO_32_BIT_CONVERSION = YES;
				GCC_WARN_ABOUT_RETURN_TYPE = YES_ERROR;
				GCC_WARN_UNDECLARED_SELECTOR = YES;
				GCC_WARN_UNINITIALIZED_AUTOS = YES_AGGRESSIVE;
				GCC_WARN_UNUSED_FUNCTION = YES;
				GCC_WARN_UNUSED_VARIABLE = YES;
				IPHONEOS_DEPLOYMENT_TARGET = 16.2;
				MTL_ENABLE_DEBUG_INFO = INCLUDE_SOURCE;
				MTL_FAST_MATH = YES;
				ONLY_ACTIVE_ARCH = YES;
				SDKROOT = iphoneos;
				SWIFT_ACTIVE_COMPILATION_CONDITIONS = DEBUG;
				SWIFT_OPTIMIZATION_LEVEL = "-Onone";
			};
			name = Debug;
		};
		D57CB185296FCDBE004560BD /* Release */ = {
			isa = XCBuildConfiguration;
			buildSettings = {
				ALWAYS_SEARCH_USER_PATHS = NO;
				CLANG_ANALYZER_NONNULL = YES;
				CLANG_ANALYZER_NUMBER_OBJECT_CONVERSION = YES_AGGRESSIVE;
				CLANG_CXX_LANGUAGE_STANDARD = "gnu++20";
				CLANG_ENABLE_MODULES = YES;
				CLANG_ENABLE_OBJC_ARC = YES;
				CLANG_ENABLE_OBJC_WEAK = YES;
				CLANG_WARN_BLOCK_CAPTURE_AUTORELEASING = YES;
				CLANG_WARN_BOOL_CONVERSION = YES;
				CLANG_WARN_COMMA = YES;
				CLANG_WARN_CONSTANT_CONVERSION = YES;
				CLANG_WARN_DEPRECATED_OBJC_IMPLEMENTATIONS = YES;
				CLANG_WARN_DIRECT_OBJC_ISA_USAGE = YES_ERROR;
				CLANG_WARN_DOCUMENTATION_COMMENTS = YES;
				CLANG_WARN_EMPTY_BODY = YES;
				CLANG_WARN_ENUM_CONVERSION = YES;
				CLANG_WARN_INFINITE_RECURSION = YES;
				CLANG_WARN_INT_CONVERSION = YES;
				CLANG_WARN_NON_LITERAL_NULL_CONVERSION = YES;
				CLANG_WARN_OBJC_IMPLICIT_RETAIN_SELF = YES;
				CLANG_WARN_OBJC_LITERAL_CONVERSION = YES;
				CLANG_WARN_OBJC_ROOT_CLASS = YES_ERROR;
				CLANG_WARN_QUOTED_INCLUDE_IN_FRAMEWORK_HEADER = YES;
				CLANG_WARN_RANGE_LOOP_ANALYSIS = YES;
				CLANG_WARN_STRICT_PROTOTYPES = YES;
				CLANG_WARN_SUSPICIOUS_MOVE = YES;
				CLANG_WARN_UNGUARDED_AVAILABILITY = YES_AGGRESSIVE;
				CLANG_WARN_UNREACHABLE_CODE = YES;
				CLANG_WARN__DUPLICATE_METHOD_MATCH = YES;
				COPY_PHASE_STRIP = NO;
				DEBUG_INFORMATION_FORMAT = "dwarf-with-dsym";
				ENABLE_NS_ASSERTIONS = NO;
				ENABLE_STRICT_OBJC_MSGSEND = YES;
				GCC_C_LANGUAGE_STANDARD = gnu11;
				GCC_NO_COMMON_BLOCKS = YES;
				GCC_WARN_64_TO_32_BIT_CONVERSION = YES;
				GCC_WARN_ABOUT_RETURN_TYPE = YES_ERROR;
				GCC_WARN_UNDECLARED_SELECTOR = YES;
				GCC_WARN_UNINITIALIZED_AUTOS = YES_AGGRESSIVE;
				GCC_WARN_UNUSED_FUNCTION = YES;
				GCC_WARN_UNUSED_VARIABLE = YES;
				IPHONEOS_DEPLOYMENT_TARGET = 16.2;
				MTL_ENABLE_DEBUG_INFO = NO;
				MTL_FAST_MATH = YES;
				SDKROOT = iphoneos;
				SWIFT_COMPILATION_MODE = wholemodule;
				SWIFT_OPTIMIZATION_LEVEL = "-O";
				VALIDATE_PRODUCT = YES;
			};
			name = Release;
		};
		D57CB187296FCDBE004560BD /* Debug */ = {
			isa = XCBuildConfiguration;
			buildSettings = {
				ASSETCATALOG_COMPILER_APPICON_NAME = AppIcon;
				ASSETCATALOG_COMPILER_GLOBAL_ACCENT_COLOR_NAME = AccentColor;
				CODE_SIGN_STYLE = Automatic;
				CURRENT_PROJECT_VERSION = 1;
				DEVELOPMENT_TEAM = VT76HWWZKL;
				GENERATE_INFOPLIST_FILE = YES;
				INFOPLIST_FILE = "Rick&MortyApp/Info.plist";
				INFOPLIST_KEY_UIApplicationSupportsIndirectInputEvents = YES;
				INFOPLIST_KEY_UILaunchStoryboardName = LaunchScreen;
				INFOPLIST_KEY_UISupportedInterfaceOrientations_iPad = "UIInterfaceOrientationPortrait UIInterfaceOrientationPortraitUpsideDown UIInterfaceOrientationLandscapeLeft UIInterfaceOrientationLandscapeRight";
				INFOPLIST_KEY_UISupportedInterfaceOrientations_iPhone = "UIInterfaceOrientationPortrait UIInterfaceOrientationLandscapeLeft UIInterfaceOrientationLandscapeRight";
				LD_RUNPATH_SEARCH_PATHS = (
					"$(inherited)",
					"@executable_path/Frameworks",
				);
				MARKETING_VERSION = 1.0;
				PRODUCT_BUNDLE_IDENTIFIER = "Galywood.Rick-MortyApp";
				PRODUCT_NAME = "$(TARGET_NAME)";
				SWIFT_EMIT_LOC_STRINGS = YES;
				SWIFT_VERSION = 5.0;
				TARGETED_DEVICE_FAMILY = "1,2";
			};
			name = Debug;
		};
		D57CB188296FCDBE004560BD /* Release */ = {
			isa = XCBuildConfiguration;
			buildSettings = {
				ASSETCATALOG_COMPILER_APPICON_NAME = AppIcon;
				ASSETCATALOG_COMPILER_GLOBAL_ACCENT_COLOR_NAME = AccentColor;
				CODE_SIGN_STYLE = Automatic;
				CURRENT_PROJECT_VERSION = 1;
				DEVELOPMENT_TEAM = VT76HWWZKL;
				GENERATE_INFOPLIST_FILE = YES;
				INFOPLIST_FILE = "Rick&MortyApp/Info.plist";
				INFOPLIST_KEY_UIApplicationSupportsIndirectInputEvents = YES;
				INFOPLIST_KEY_UILaunchStoryboardName = LaunchScreen;
				INFOPLIST_KEY_UISupportedInterfaceOrientations_iPad = "UIInterfaceOrientationPortrait UIInterfaceOrientationPortraitUpsideDown UIInterfaceOrientationLandscapeLeft UIInterfaceOrientationLandscapeRight";
				INFOPLIST_KEY_UISupportedInterfaceOrientations_iPhone = "UIInterfaceOrientationPortrait UIInterfaceOrientationLandscapeLeft UIInterfaceOrientationLandscapeRight";
				LD_RUNPATH_SEARCH_PATHS = (
					"$(inherited)",
					"@executable_path/Frameworks",
				);
				MARKETING_VERSION = 1.0;
				PRODUCT_BUNDLE_IDENTIFIER = "Galywood.Rick-MortyApp";
				PRODUCT_NAME = "$(TARGET_NAME)";
				SWIFT_EMIT_LOC_STRINGS = YES;
				SWIFT_VERSION = 5.0;
				TARGETED_DEVICE_FAMILY = "1,2";
			};
			name = Release;
		};
/* End XCBuildConfiguration section */

/* Begin XCConfigurationList section */
		D57CB16D296FCDBC004560BD /* Build configuration list for PBXProject "Rick&MortyApp" */ = {
			isa = XCConfigurationList;
			buildConfigurations = (
				D57CB184296FCDBE004560BD /* Debug */,
				D57CB185296FCDBE004560BD /* Release */,
			);
			defaultConfigurationIsVisible = 0;
			defaultConfigurationName = Release;
		};
		D57CB186296FCDBE004560BD /* Build configuration list for PBXNativeTarget "Rick&MortyApp" */ = {
			isa = XCConfigurationList;
			buildConfigurations = (
				D57CB187296FCDBE004560BD /* Debug */,
				D57CB188296FCDBE004560BD /* Release */,
			);
			defaultConfigurationIsVisible = 0;
			defaultConfigurationName = Release;
		};
/* End XCConfigurationList section */
	};
	rootObject = D57CB16A296FCDBC004560BD /* Project object */;
}
